
Microsoft Visual Studio Solution File, Format Version 12.00
# Visual Studio Version 16
VisualStudioVersion = 16.0.29509.3
MinimumVisualStudioVersion = 10.0.40219.1
Project("{888888A0-9F3D-457C-B088-3A5042F75D52}") = "LSystemsPython082170007", "LSystemsPython082170007\LSystemsPython082170007.pyproj", "{8A6CD3D1-2CA4-4AA2-A8B1-2CBEE0BCB992}"
EndProject
Global
	GlobalSection(SolutionConfigurationPlatforms) = preSolution
		Debug|Any CPU = Debug|Any CPU
		Release|Any CPU = Release|Any CPU
	EndGlobalSection
	GlobalSection(ProjectConfigurationPlatforms) = postSolution
		{8A6CD3D1-2CA4-4AA2-A8B1-2CBEE0BCB992}.Debug|Any CPU.ActiveCfg = Debug|Any CPU
		{8A6CD3D1-2CA4-4AA2-A8B1-2CBEE0BCB992}.Release|Any CPU.ActiveCfg = Release|Any CPU
	EndGlobalSection
	GlobalSection(SolutionProperties) = preSolution
		HideSolutionNode = FALSE
	EndGlobalSection
	GlobalSection(ExtensibilityGlobals) = postSolution
		SolutionGuid = {BD22E61A-860C-418F-8A2F-6A59508F4681}
	EndGlobalSection
EndGlobal
